// !$*UTF8*$!
{
	archiveVersion = 1;
	classes = {
	};
	objectVersion = 48;
	objects = {

/* Begin PBXBuildFile section */
		26AB08AF46E213339D92E5D3 /* Pods_InstagramUITests.framework in Frameworks */ = {isa = PBXBuildFile; fileRef = 2880DB47BC50632F0CDABED3 /* Pods_InstagramUITests.framework */; };
		28330214204F0D5600851487 /* AppDelegate.swift in Sources */ = {isa = PBXBuildFile; fileRef = 28330213204F0D5600851487 /* AppDelegate.swift */; };
		28330219204F0D5600851487 /* Main.storyboard in Resources */ = {isa = PBXBuildFile; fileRef = 28330217204F0D5600851487 /* Main.storyboard */; };
		2833021B204F0D5600851487 /* Assets.xcassets in Resources */ = {isa = PBXBuildFile; fileRef = 2833021A204F0D5600851487 /* Assets.xcassets */; };
		2833021E204F0D5600851487 /* LaunchScreen.storyboard in Resources */ = {isa = PBXBuildFile; fileRef = 2833021C204F0D5600851487 /* LaunchScreen.storyboard */; };
		28330229204F0D5700851487 /* InstagramTests.swift in Sources */ = {isa = PBXBuildFile; fileRef = 28330228204F0D5700851487 /* InstagramTests.swift */; };
		28330234204F0D5700851487 /* InstagramUITests.swift in Sources */ = {isa = PBXBuildFile; fileRef = 28330233204F0D5700851487 /* InstagramUITests.swift */; };
		28330244204F318D00851487 /* LoginViewController.swift in Sources */ = {isa = PBXBuildFile; fileRef = 28330243204F318D00851487 /* LoginViewController.swift */; };
		28330246204F319600851487 /* HomeViewController.swift in Sources */ = {isa = PBXBuildFile; fileRef = 28330245204F319600851487 /* HomeViewController.swift */; };
		28330248204F31A200851487 /* ComposeViewController.swift in Sources */ = {isa = PBXBuildFile; fileRef = 28330247204F31A200851487 /* ComposeViewController.swift */; };
		2833024A204F40FD00851487 /* FeedCell.swift in Sources */ = {isa = PBXBuildFile; fileRef = 28330249204F40FD00851487 /* FeedCell.swift */; };
		287C435620570AC600BFFA94 /* InfiniteScrollView.swift in Sources */ = {isa = PBXBuildFile; fileRef = 287C435520570AC600BFFA94 /* InfiniteScrollView.swift */; };
		287C435820588DD500BFFA94 /* ProfileViewController.swift in Sources */ = {isa = PBXBuildFile; fileRef = 287C435720588DD500BFFA94 /* ProfileViewController.swift */; };
		28B154472056204E0052619C /* Post.swift in Sources */ = {isa = PBXBuildFile; fileRef = 28B154462056204E0052619C /* Post.swift */; };
		51EC90F46369AD375710515E /* Pods_Instagram.framework in Frameworks */ = {isa = PBXBuildFile; fileRef = 1ED76493A402D7B26A8A31B7 /* Pods_Instagram.framework */; };
		7337382D651CD4331B5C3AF0 /* Pods_InstagramTests.framework in Frameworks */ = {isa = PBXBuildFile; fileRef = EC049E05B26B7A8EFD75F5A5 /* Pods_InstagramTests.framework */; };
/* End PBXBuildFile section */

/* Begin PBXContainerItemProxy section */
		28330225204F0D5700851487 /* PBXContainerItemProxy */ = {
			isa = PBXContainerItemProxy;
			containerPortal = 28330208204F0D5600851487 /* Project object */;
			proxyType = 1;
			remoteGlobalIDString = 2833020F204F0D5600851487;
			remoteInfo = Instagram;
		};
		28330230204F0D5700851487 /* PBXContainerItemProxy */ = {
			isa = PBXContainerItemProxy;
			containerPortal = 28330208204F0D5600851487 /* Project object */;
			proxyType = 1;
			remoteGlobalIDString = 2833020F204F0D5600851487;
			remoteInfo = Instagram;
		};
/* End PBXContainerItemProxy section */

/* Begin PBXFileReference section */
		1ED76493A402D7B26A8A31B7 /* Pods_Instagram.framework */ = {isa = PBXFileReference; explicitFileType = wrapper.framework; includeInIndex = 0; path = Pods_Instagram.framework; sourceTree = BUILT_PRODUCTS_DIR; };
		28330210204F0D5600851487 /* Instagram.app */ = {isa = PBXFileReference; explicitFileType = wrapper.application; includeInIndex = 0; path = Instagram.app; sourceTree = BUILT_PRODUCTS_DIR; };
		28330213204F0D5600851487 /* AppDelegate.swift */ = {isa = PBXFileReference; lastKnownFileType = sourcecode.swift; path = AppDelegate.swift; sourceTree = "<group>"; };
		28330218204F0D5600851487 /* Base */ = {isa = PBXFileReference; lastKnownFileType = file.storyboard; name = Base; path = Base.lproj/Main.storyboard; sourceTree = "<group>"; };
		2833021A204F0D5600851487 /* Assets.xcassets */ = {isa = PBXFileReference; lastKnownFileType = folder.assetcatalog; path = Assets.xcassets; sourceTree = "<group>"; };
		2833021D204F0D5600851487 /* Base */ = {isa = PBXFileReference; lastKnownFileType = file.storyboard; name = Base; path = Base.lproj/LaunchScreen.storyboard; sourceTree = "<group>"; };
		2833021F204F0D5600851487 /* Info.plist */ = {isa = PBXFileReference; lastKnownFileType = text.plist.xml; path = Info.plist; sourceTree = "<group>"; };
		28330224204F0D5700851487 /* InstagramTests.xctest */ = {isa = PBXFileReference; explicitFileType = wrapper.cfbundle; includeInIndex = 0; path = InstagramTests.xctest; sourceTree = BUILT_PRODUCTS_DIR; };
		28330228204F0D5700851487 /* InstagramTests.swift */ = {isa = PBXFileReference; lastKnownFileType = sourcecode.swift; path = InstagramTests.swift; sourceTree = "<group>"; };
		2833022A204F0D5700851487 /* Info.plist */ = {isa = PBXFileReference; lastKnownFileType = text.plist.xml; path = Info.plist; sourceTree = "<group>"; };
		2833022F204F0D5700851487 /* InstagramUITests.xctest */ = {isa = PBXFileReference; explicitFileType = wrapper.cfbundle; includeInIndex = 0; path = InstagramUITests.xctest; sourceTree = BUILT_PRODUCTS_DIR; };
		28330233204F0D5700851487 /* InstagramUITests.swift */ = {isa = PBXFileReference; lastKnownFileType = sourcecode.swift; path = InstagramUITests.swift; sourceTree = "<group>"; };
		28330235204F0D5700851487 /* Info.plist */ = {isa = PBXFileReference; lastKnownFileType = text.plist.xml; path = Info.plist; sourceTree = "<group>"; };
		28330243204F318D00851487 /* LoginViewController.swift */ = {isa = PBXFileReference; lastKnownFileType = sourcecode.swift; path = LoginViewController.swift; sourceTree = "<group>"; };
		28330245204F319600851487 /* HomeViewController.swift */ = {isa = PBXFileReference; lastKnownFileType = sourcecode.swift; path = HomeViewController.swift; sourceTree = "<group>"; };
		28330247204F31A200851487 /* ComposeViewController.swift */ = {isa = PBXFileReference; lastKnownFileType = sourcecode.swift; path = ComposeViewController.swift; sourceTree = "<group>"; };
		28330249204F40FD00851487 /* FeedCell.swift */ = {isa = PBXFileReference; lastKnownFileType = sourcecode.swift; path = FeedCell.swift; sourceTree = "<group>"; };
		287C435520570AC600BFFA94 /* InfiniteScrollView.swift */ = {isa = PBXFileReference; lastKnownFileType = sourcecode.swift; path = InfiniteScrollView.swift; sourceTree = "<group>"; };
		287C435720588DD500BFFA94 /* ProfileViewController.swift */ = {isa = PBXFileReference; lastKnownFileType = sourcecode.swift; path = ProfileViewController.swift; sourceTree = "<group>"; };
		2880DB47BC50632F0CDABED3 /* Pods_InstagramUITests.framework */ = {isa = PBXFileReference; explicitFileType = wrapper.framework; includeInIndex = 0; path = Pods_InstagramUITests.framework; sourceTree = BUILT_PRODUCTS_DIR; };
		28B154462056204E0052619C /* Post.swift */ = {isa = PBXFileReference; lastKnownFileType = sourcecode.swift; path = Post.swift; sourceTree = "<group>"; };
		4644A025073E67AF9321D671 /* Pods-Instagram.debug.xcconfig */ = {isa = PBXFileReference; includeInIndex = 1; lastKnownFileType = text.xcconfig; name = "Pods-Instagram.debug.xcconfig"; path = "Pods/Target Support Files/Pods-Instagram/Pods-Instagram.debug.xcconfig"; sourceTree = "<group>"; };
		6FBD080D827061B1D7A99D0C /* Pods-InstagramUITests.debug.xcconfig */ = {isa = PBXFileReference; includeInIndex = 1; lastKnownFileType = text.xcconfig; name = "Pods-InstagramUITests.debug.xcconfig"; path = "Pods/Target Support Files/Pods-InstagramUITests/Pods-InstagramUITests.debug.xcconfig"; sourceTree = "<group>"; };
		B95D67674B535E7AC918D389 /* Pods-InstagramTests.release.xcconfig */ = {isa = PBXFileReference; includeInIndex = 1; lastKnownFileType = text.xcconfig; name = "Pods-InstagramTests.release.xcconfig"; path = "Pods/Target Support Files/Pods-InstagramTests/Pods-InstagramTests.release.xcconfig"; sourceTree = "<group>"; };
		C5DB19570B4D82B03201D1E8 /* Pods-InstagramTests.debug.xcconfig */ = {isa = PBXFileReference; includeInIndex = 1; lastKnownFileType = text.xcconfig; name = "Pods-InstagramTests.debug.xcconfig"; path = "Pods/Target Support Files/Pods-InstagramTests/Pods-InstagramTests.debug.xcconfig"; sourceTree = "<group>"; };
		D033D4F821E806B933862C6C /* Pods-InstagramUITests.release.xcconfig */ = {isa = PBXFileReference; includeInIndex = 1; lastKnownFileType = text.xcconfig; name = "Pods-InstagramUITests.release.xcconfig"; path = "Pods/Target Support Files/Pods-InstagramUITests/Pods-InstagramUITests.release.xcconfig"; sourceTree = "<group>"; };
		D1F3F0DCDBA3E9A75828D477 /* Pods-Instagram.release.xcconfig */ = {isa = PBXFileReference; includeInIndex = 1; lastKnownFileType = text.xcconfig; name = "Pods-Instagram.release.xcconfig"; path = "Pods/Target Support Files/Pods-Instagram/Pods-Instagram.release.xcconfig"; sourceTree = "<group>"; };
		EC049E05B26B7A8EFD75F5A5 /* Pods_InstagramTests.framework */ = {isa = PBXFileReference; explicitFileType = wrapper.framework; includeInIndex = 0; path = Pods_InstagramTests.framework; sourceTree = BUILT_PRODUCTS_DIR; };
/* End PBXFileReference section */

/* Begin PBXFrameworksBuildPhase section */
		2833020D204F0D5600851487 /* Frameworks */ = {
			isa = PBXFrameworksBuildPhase;
			buildActionMask = 2147483647;
			files = (
				51EC90F46369AD375710515E /* Pods_Instagram.framework in Frameworks */,
			);
			runOnlyForDeploymentPostprocessing = 0;
		};
		28330221204F0D5700851487 /* Frameworks */ = {
			isa = PBXFrameworksBuildPhase;
			buildActionMask = 2147483647;
			files = (
				7337382D651CD4331B5C3AF0 /* Pods_InstagramTests.framework in Frameworks */,
			);
			runOnlyForDeploymentPostprocessing = 0;
		};
		2833022C204F0D5700851487 /* Frameworks */ = {
			isa = PBXFrameworksBuildPhase;
			buildActionMask = 2147483647;
			files = (
				26AB08AF46E213339D92E5D3 /* Pods_InstagramUITests.framework in Frameworks */,
			);
			runOnlyForDeploymentPostprocessing = 0;
		};
/* End PBXFrameworksBuildPhase section */

/* Begin PBXGroup section */
		28330207204F0D5600851487 = {
			isa = PBXGroup;
			children = (
				28330212204F0D5600851487 /* Instagram */,
				28330227204F0D5700851487 /* InstagramTests */,
				28330232204F0D5700851487 /* InstagramUITests */,
				28330211204F0D5600851487 /* Products */,
				7E1DDCB013575FD49102FFCB /* Pods */,
				99484404C6D5BB4B20533EAA /* Frameworks */,
			);
			sourceTree = "<group>";
		};
		28330211204F0D5600851487 /* Products */ = {
			isa = PBXGroup;
			children = (
				28330210204F0D5600851487 /* Instagram.app */,
				28330224204F0D5700851487 /* InstagramTests.xctest */,
				2833022F204F0D5700851487 /* InstagramUITests.xctest */,
			);
			name = Products;
			sourceTree = "<group>";
		};
		28330212204F0D5600851487 /* Instagram */ = {
			isa = PBXGroup;
			children = (
				28330241204F316A00851487 /* ViewControllers */,
				287C435420570A9400BFFA94 /* Views */,
				28330213204F0D5600851487 /* AppDelegate.swift */,
				28B154462056204E0052619C /* Post.swift */,
				28330217204F0D5600851487 /* Main.storyboard */,
				2833021A204F0D5600851487 /* Assets.xcassets */,
				2833021C204F0D5600851487 /* LaunchScreen.storyboard */,
				2833021F204F0D5600851487 /* Info.plist */,
			);
			path = Instagram;
			sourceTree = "<group>";
		};
		28330227204F0D5700851487 /* InstagramTests */ = {
			isa = PBXGroup;
			children = (
				28330228204F0D5700851487 /* InstagramTests.swift */,
				2833022A204F0D5700851487 /* Info.plist */,
			);
			path = InstagramTests;
			sourceTree = "<group>";
		};
		28330232204F0D5700851487 /* InstagramUITests */ = {
			isa = PBXGroup;
			children = (
				28330233204F0D5700851487 /* InstagramUITests.swift */,
				28330235204F0D5700851487 /* Info.plist */,
			);
			path = InstagramUITests;
			sourceTree = "<group>";
		};
		28330241204F316A00851487 /* ViewControllers */ = {
			isa = PBXGroup;
			children = (
				28330243204F318D00851487 /* LoginViewController.swift */,
				28330245204F319600851487 /* HomeViewController.swift */,
				28330247204F31A200851487 /* ComposeViewController.swift */,
				287C435720588DD500BFFA94 /* ProfileViewController.swift */,
			);
			path = ViewControllers;
			sourceTree = "<group>";
		};
		287C435420570A9400BFFA94 /* Views */ = {
			isa = PBXGroup;
			children = (
				28330249204F40FD00851487 /* FeedCell.swift */,
				287C435520570AC600BFFA94 /* InfiniteScrollView.swift */,
			);
			path = Views;
			sourceTree = "<group>";
		};
		7E1DDCB013575FD49102FFCB /* Pods */ = {
			isa = PBXGroup;
			children = (
				4644A025073E67AF9321D671 /* Pods-Instagram.debug.xcconfig */,
				D1F3F0DCDBA3E9A75828D477 /* Pods-Instagram.release.xcconfig */,
				C5DB19570B4D82B03201D1E8 /* Pods-InstagramTests.debug.xcconfig */,
				B95D67674B535E7AC918D389 /* Pods-InstagramTests.release.xcconfig */,
				6FBD080D827061B1D7A99D0C /* Pods-InstagramUITests.debug.xcconfig */,
				D033D4F821E806B933862C6C /* Pods-InstagramUITests.release.xcconfig */,
			);
			name = Pods;
			sourceTree = "<group>";
		};
		99484404C6D5BB4B20533EAA /* Frameworks */ = {
			isa = PBXGroup;
			children = (
				1ED76493A402D7B26A8A31B7 /* Pods_Instagram.framework */,
				EC049E05B26B7A8EFD75F5A5 /* Pods_InstagramTests.framework */,
				2880DB47BC50632F0CDABED3 /* Pods_InstagramUITests.framework */,
			);
			name = Frameworks;
			sourceTree = "<group>";
		};
/* End PBXGroup section */

/* Begin PBXNativeTarget section */
		2833020F204F0D5600851487 /* Instagram */ = {
			isa = PBXNativeTarget;
			buildConfigurationList = 28330238204F0D5700851487 /* Build configuration list for PBXNativeTarget "Instagram" */;
			buildPhases = (
				98ED21480726E38EB2BA422E /* [CP] Check Pods Manifest.lock */,
				2833020C204F0D5600851487 /* Sources */,
				2833020D204F0D5600851487 /* Frameworks */,
				2833020E204F0D5600851487 /* Resources */,
				F7E1C360E9E860467A140432 /* [CP] Embed Pods Frameworks */,
				9610CC2DFF76AB0B32918671 /* [CP] Copy Pods Resources */,
			);
			buildRules = (
			);
			dependencies = (
			);
			name = Instagram;
			productName = Instagram;
			productReference = 28330210204F0D5600851487 /* Instagram.app */;
			productType = "com.apple.product-type.application";
		};
		28330223204F0D5700851487 /* InstagramTests */ = {
			isa = PBXNativeTarget;
			buildConfigurationList = 2833023B204F0D5700851487 /* Build configuration list for PBXNativeTarget "InstagramTests" */;
			buildPhases = (
				DC30939D87A5B4438F96701D /* [CP] Check Pods Manifest.lock */,
				28330220204F0D5700851487 /* Sources */,
				28330221204F0D5700851487 /* Frameworks */,
				28330222204F0D5700851487 /* Resources */,
				7E77DA3B4FF0498CB86DCD81 /* [CP] Embed Pods Frameworks */,
				D28CEA6E5B27819A7E6EA0CF /* [CP] Copy Pods Resources */,
			);
			buildRules = (
			);
			dependencies = (
				28330226204F0D5700851487 /* PBXTargetDependency */,
			);
			name = InstagramTests;
			productName = InstagramTests;
			productReference = 28330224204F0D5700851487 /* InstagramTests.xctest */;
			productType = "com.apple.product-type.bundle.unit-test";
		};
		2833022E204F0D5700851487 /* InstagramUITests */ = {
			isa = PBXNativeTarget;
			buildConfigurationList = 2833023E204F0D5700851487 /* Build configuration list for PBXNativeTarget "InstagramUITests" */;
			buildPhases = (
				E0AD06220E7097515DD58289 /* [CP] Check Pods Manifest.lock */,
				2833022B204F0D5700851487 /* Sources */,
				2833022C204F0D5700851487 /* Frameworks */,
				2833022D204F0D5700851487 /* Resources */,
				DECC5F3BD3E7E2CA0DACE8E5 /* [CP] Embed Pods Frameworks */,
				E1BEE7B65E2734F19A6B86D5 /* [CP] Copy Pods Resources */,
			);
			buildRules = (
			);
			dependencies = (
				28330231204F0D5700851487 /* PBXTargetDependency */,
			);
			name = InstagramUITests;
			productName = InstagramUITests;
			productReference = 2833022F204F0D5700851487 /* InstagramUITests.xctest */;
			productType = "com.apple.product-type.bundle.ui-testing";
		};
/* End PBXNativeTarget section */

/* Begin PBXProject section */
		28330208204F0D5600851487 /* Project object */ = {
			isa = PBXProject;
			attributes = {
				LastSwiftUpdateCheck = 0920;
				LastUpgradeCheck = 0920;
				ORGANIZATIONNAME = "Henry Vuong";
				TargetAttributes = {
					2833020F204F0D5600851487 = {
						CreatedOnToolsVersion = 9.2;
						ProvisioningStyle = Automatic;
					};
					28330223204F0D5700851487 = {
						CreatedOnToolsVersion = 9.2;
						ProvisioningStyle = Automatic;
						TestTargetID = 2833020F204F0D5600851487;
					};
					2833022E204F0D5700851487 = {
						CreatedOnToolsVersion = 9.2;
						ProvisioningStyle = Automatic;
						TestTargetID = 2833020F204F0D5600851487;
					};
				};
			};
			buildConfigurationList = 2833020B204F0D5600851487 /* Build configuration list for PBXProject "Instagram" */;
			compatibilityVersion = "Xcode 8.0";
			developmentRegion = en;
			hasScannedForEncodings = 0;
			knownRegions = (
				en,
				Base,
			);
			mainGroup = 28330207204F0D5600851487;
			productRefGroup = 28330211204F0D5600851487 /* Products */;
			projectDirPath = "";
			projectRoot = "";
			targets = (
				2833020F204F0D5600851487 /* Instagram */,
				28330223204F0D5700851487 /* InstagramTests */,
				2833022E204F0D5700851487 /* InstagramUITests */,
			);
		};
/* End PBXProject section */

/* Begin PBXResourcesBuildPhase section */
		2833020E204F0D5600851487 /* Resources */ = {
			isa = PBXResourcesBuildPhase;
			buildActionMask = 2147483647;
			files = (
				2833021E204F0D5600851487 /* LaunchScreen.storyboard in Resources */,
				2833021B204F0D5600851487 /* Assets.xcassets in Resources */,
				28330219204F0D5600851487 /* Main.storyboard in Resources */,
			);
			runOnlyForDeploymentPostprocessing = 0;
		};
		28330222204F0D5700851487 /* Resources */ = {
			isa = PBXResourcesBuildPhase;
			buildActionMask = 2147483647;
			files = (
			);
			runOnlyForDeploymentPostprocessing = 0;
		};
		2833022D204F0D5700851487 /* Resources */ = {
			isa = PBXResourcesBuildPhase;
			buildActionMask = 2147483647;
			files = (
			);
			runOnlyForDeploymentPostprocessing = 0;
		};
/* End PBXResourcesBuildPhase section */

/* Begin PBXShellScriptBuildPhase section */
		7E77DA3B4FF0498CB86DCD81 /* [CP] Embed Pods Frameworks */ = {
			isa = PBXShellScriptBuildPhase;
			buildActionMask = 2147483647;
			files = (
			);
			inputPaths = (
			);
			name = "[CP] Embed Pods Frameworks";
			outputPaths = (
			);
			runOnlyForDeploymentPostprocessing = 0;
			shellPath = /bin/sh;
			shellScript = "\"${SRCROOT}/Pods/Target Support Files/Pods-InstagramTests/Pods-InstagramTests-frameworks.sh\"\n";
			showEnvVarsInLog = 0;
		};
		9610CC2DFF76AB0B32918671 /* [CP] Copy Pods Resources */ = {
			isa = PBXShellScriptBuildPhase;
			buildActionMask = 2147483647;
			files = (
			);
			inputPaths = (
			);
			name = "[CP] Copy Pods Resources";
			outputPaths = (
			);
			runOnlyForDeploymentPostprocessing = 0;
			shellPath = /bin/sh;
			shellScript = "\"${SRCROOT}/Pods/Target Support Files/Pods-Instagram/Pods-Instagram-resources.sh\"\n";
			showEnvVarsInLog = 0;
		};
		98ED21480726E38EB2BA422E /* [CP] Check Pods Manifest.lock */ = {
			isa = PBXShellScriptBuildPhase;
			buildActionMask = 2147483647;
			files = (
			);
			inputPaths = (
				"${PODS_PODFILE_DIR_PATH}/Podfile.lock",
				"${PODS_ROOT}/Manifest.lock",
			);
			name = "[CP] Check Pods Manifest.lock";
			outputPaths = (
				"$(DERIVED_FILE_DIR)/Pods-Instagram-checkManifestLockResult.txt",
			);
			runOnlyForDeploymentPostprocessing = 0;
			shellPath = /bin/sh;
			shellScript = "diff \"${PODS_PODFILE_DIR_PATH}/Podfile.lock\" \"${PODS_ROOT}/Manifest.lock\" > /dev/null\nif [ $? != 0 ] ; then\n    # print error to STDERR\n    echo \"error: The sandbox is not in sync with the Podfile.lock. Run 'pod install' or update your CocoaPods installation.\" >&2\n    exit 1\nfi\n# This output is used by Xcode 'outputs' to avoid re-running this script phase.\necho \"SUCCESS\" > \"${SCRIPT_OUTPUT_FILE_0}\"\n";
			showEnvVarsInLog = 0;
		};
		D28CEA6E5B27819A7E6EA0CF /* [CP] Copy Pods Resources */ = {
			isa = PBXShellScriptBuildPhase;
			buildActionMask = 2147483647;
			files = (
			);
			inputPaths = (
			);
			name = "[CP] Copy Pods Resources";
			outputPaths = (
			);
			runOnlyForDeploymentPostprocessing = 0;
			shellPath = /bin/sh;
			shellScript = "\"${SRCROOT}/Pods/Target Support Files/Pods-InstagramTests/Pods-InstagramTests-resources.sh\"\n";
			showEnvVarsInLog = 0;
		};
		DC30939D87A5B4438F96701D /* [CP] Check Pods Manifest.lock */ = {
			isa = PBXShellScriptBuildPhase;
			buildActionMask = 2147483647;
			files = (
			);
			inputPaths = (
				"${PODS_PODFILE_DIR_PATH}/Podfile.lock",
				"${PODS_ROOT}/Manifest.lock",
			);
			name = "[CP] Check Pods Manifest.lock";
			outputPaths = (
				"$(DERIVED_FILE_DIR)/Pods-InstagramTests-checkManifestLockResult.txt",
			);
			runOnlyForDeploymentPostprocessing = 0;
			shellPath = /bin/sh;
			shellScript = "diff \"${PODS_PODFILE_DIR_PATH}/Podfile.lock\" \"${PODS_ROOT}/Manifest.lock\" > /dev/null\nif [ $? != 0 ] ; then\n    # print error to STDERR\n    echo \"error: The sandbox is not in sync with the Podfile.lock. Run 'pod install' or update your CocoaPods installation.\" >&2\n    exit 1\nfi\n# This output is used by Xcode 'outputs' to avoid re-running this script phase.\necho \"SUCCESS\" > \"${SCRIPT_OUTPUT_FILE_0}\"\n";
			showEnvVarsInLog = 0;
		};
		DECC5F3BD3E7E2CA0DACE8E5 /* [CP] Embed Pods Frameworks */ = {
			isa = PBXShellScriptBuildPhase;
			buildActionMask = 2147483647;
			files = (
			);
			inputPaths = (
			);
			name = "[CP] Embed Pods Frameworks";
			outputPaths = (
			);
			runOnlyForDeploymentPostprocessing = 0;
			shellPath = /bin/sh;
			shellScript = "\"${SRCROOT}/Pods/Target Support Files/Pods-InstagramUITests/Pods-InstagramUITests-frameworks.sh\"\n";
			showEnvVarsInLog = 0;
		};
		E0AD06220E7097515DD58289 /* [CP] Check Pods Manifest.lock */ = {
			isa = PBXShellScriptBuildPhase;
			buildActionMask = 2147483647;
			files = (
			);
			inputPaths = (
				"${PODS_PODFILE_DIR_PATH}/Podfile.lock",
				"${PODS_ROOT}/Manifest.lock",
			);
			name = "[CP] Check Pods Manifest.lock";
			outputPaths = (
				"$(DERIVED_FILE_DIR)/Pods-InstagramUITests-checkManifestLockResult.txt",
			);
			runOnlyForDeploymentPostprocessing = 0;
			shellPath = /bin/sh;
			shellScript = "diff \"${PODS_PODFILE_DIR_PATH}/Podfile.lock\" \"${PODS_ROOT}/Manifest.lock\" > /dev/null\nif [ $? != 0 ] ; then\n    # print error to STDERR\n    echo \"error: The sandbox is not in sync with the Podfile.lock. Run 'pod install' or update your CocoaPods installation.\" >&2\n    exit 1\nfi\n# This output is used by Xcode 'outputs' to avoid re-running this script phase.\necho \"SUCCESS\" > \"${SCRIPT_OUTPUT_FILE_0}\"\n";
			showEnvVarsInLog = 0;
		};
		E1BEE7B65E2734F19A6B86D5 /* [CP] Copy Pods Resources */ = {
			isa = PBXShellScriptBuildPhase;
			buildActionMask = 2147483647;
			files = (
			);
			inputPaths = (
			);
			name = "[CP] Copy Pods Resources";
			outputPaths = (
			);
			runOnlyForDeploymentPostprocessing = 0;
			shellPath = /bin/sh;
			shellScript = "\"${SRCROOT}/Pods/Target Support Files/Pods-InstagramUITests/Pods-InstagramUITests-resources.sh\"\n";
			showEnvVarsInLog = 0;
		};
		F7E1C360E9E860467A140432 /* [CP] Embed Pods Frameworks */ = {
			isa = PBXShellScriptBuildPhase;
			buildActionMask = 2147483647;
			files = (
			);
			inputPaths = (
				"${SRCROOT}/Pods/Target Support Files/Pods-Instagram/Pods-Instagram-frameworks.sh",
				"${BUILT_PRODUCTS_DIR}/Bolts/Bolts.framework",
				"${BUILT_PRODUCTS_DIR}/Parse/Parse.framework",
			);
			name = "[CP] Embed Pods Frameworks";
			outputPaths = (
				"${TARGET_BUILD_DIR}/${FRAMEWORKS_FOLDER_PATH}/Bolts.framework",
				"${TARGET_BUILD_DIR}/${FRAMEWORKS_FOLDER_PATH}/Parse.framework",
			);
			runOnlyForDeploymentPostprocessing = 0;
			shellPath = /bin/sh;
			shellScript = "\"${SRCROOT}/Pods/Target Support Files/Pods-Instagram/Pods-Instagram-frameworks.sh\"\n";
			showEnvVarsInLog = 0;
		};
/* End PBXShellScriptBuildPhase section */

/* Begin PBXSourcesBuildPhase section */
		2833020C204F0D5600851487 /* Sources */ = {
			isa = PBXSourcesBuildPhase;
			buildActionMask = 2147483647;
			files = (
				28330248204F31A200851487 /* ComposeViewController.swift in Sources */,
				287C435620570AC600BFFA94 /* InfiniteScrollView.swift in Sources */,
				28330244204F318D00851487 /* LoginViewController.swift in Sources */,
				28330214204F0D5600851487 /* AppDelegate.swift in Sources */,
				28B154472056204E0052619C /* Post.swift in Sources */,
				28330246204F319600851487 /* HomeViewController.swift in Sources */,
				287C435820588DD500BFFA94 /* ProfileViewController.swift in Sources */,
				2833024A204F40FD00851487 /* FeedCell.swift in Sources */,
			);
			runOnlyForDeploymentPostprocessing = 0;
		};
		28330220204F0D5700851487 /* Sources */ = {
			isa = PBXSourcesBuildPhase;
			buildActionMask = 2147483647;
			files = (
				28330229204F0D5700851487 /* InstagramTests.swift in Sources */,
			);
			runOnlyForDeploymentPostprocessing = 0;
		};
		2833022B204F0D5700851487 /* Sources */ = {
			isa = PBXSourcesBuildPhase;
			buildActionMask = 2147483647;
			files = (
				28330234204F0D5700851487 /* InstagramUITests.swift in Sources */,
			);
			runOnlyForDeploymentPostprocessing = 0;
		};
/* End PBXSourcesBuildPhase section */

/* Begin PBXTargetDependency section */
		28330226204F0D5700851487 /* PBXTargetDependency */ = {
			isa = PBXTargetDependency;
			target = 2833020F204F0D5600851487 /* Instagram */;
			targetProxy = 28330225204F0D5700851487 /* PBXContainerItemProxy */;
		};
		28330231204F0D5700851487 /* PBXTargetDependency */ = {
			isa = PBXTargetDependency;
			target = 2833020F204F0D5600851487 /* Instagram */;
			targetProxy = 28330230204F0D5700851487 /* PBXContainerItemProxy */;
		};
/* End PBXTargetDependency section */

/* Begin PBXVariantGroup section */
		28330217204F0D5600851487 /* Main.storyboard */ = {
			isa = PBXVariantGroup;
			children = (
				28330218204F0D5600851487 /* Base */,
			);
			name = Main.storyboard;
			sourceTree = "<group>";
		};
		2833021C204F0D5600851487 /* LaunchScreen.storyboard */ = {
			isa = PBXVariantGroup;
			children = (
				2833021D204F0D5600851487 /* Base */,
			);
			name = LaunchScreen.storyboard;
			sourceTree = "<group>";
		};
/* End PBXVariantGroup section */

/* Begin XCBuildConfiguration section */
		28330236204F0D5700851487 /* Debug */ = {
			isa = XCBuildConfiguration;
			buildSettings = {
				ALWAYS_SEARCH_USER_PATHS = NO;
				CLANG_ANALYZER_NONNULL = YES;
				CLANG_ANALYZER_NUMBER_OBJECT_CONVERSION = YES_AGGRESSIVE;
				CLANG_CXX_LANGUAGE_STANDARD = "gnu++14";
				CLANG_CXX_LIBRARY = "libc++";
				CLANG_ENABLE_MODULES = YES;
				CLANG_ENABLE_OBJC_ARC = YES;
				CLANG_WARN_BLOCK_CAPTURE_AUTORELEASING = YES;
				CLANG_WARN_BOOL_CONVERSION = YES;
				CLANG_WARN_COMMA = YES;
				CLANG_WARN_CONSTANT_CONVERSION = YES;
				CLANG_WARN_DIRECT_OBJC_ISA_USAGE = YES_ERROR;
				CLANG_WARN_DOCUMENTATION_COMMENTS = YES;
				CLANG_WARN_EMPTY_BODY = YES;
				CLANG_WARN_ENUM_CONVERSION = YES;
				CLANG_WARN_INFINITE_RECURSION = YES;
				CLANG_WARN_INT_CONVERSION = YES;
				CLANG_WARN_NON_LITERAL_NULL_CONVERSION = YES;
				CLANG_WARN_OBJC_LITERAL_CONVERSION = YES;
				CLANG_WARN_OBJC_ROOT_CLASS = YES_ERROR;
				CLANG_WARN_RANGE_LOOP_ANALYSIS = YES;
				CLANG_WARN_STRICT_PROTOTYPES = YES;
				CLANG_WARN_SUSPICIOUS_MOVE = YES;
				CLANG_WARN_UNGUARDED_AVAILABILITY = YES_AGGRESSIVE;
				CLANG_WARN_UNREACHABLE_CODE = YES;
				CLANG_WARN__DUPLICATE_METHOD_MATCH = YES;
				CODE_SIGN_IDENTITY = "iPhone Developer";
				COPY_PHASE_STRIP = NO;
				DEBUG_INFORMATION_FORMAT = dwarf;
				ENABLE_STRICT_OBJC_MSGSEND = YES;
				ENABLE_TESTABILITY = YES;
				GCC_C_LANGUAGE_STANDARD = gnu11;
				GCC_DYNAMIC_NO_PIC = NO;
				GCC_NO_COMMON_BLOCKS = YES;
				GCC_OPTIMIZATION_LEVEL = 0;
				GCC_PREPROCESSOR_DEFINITIONS = (
					"DEBUG=1",
					"$(inherited)",
				);
				GCC_WARN_64_TO_32_BIT_CONVERSION = YES;
				GCC_WARN_ABOUT_RETURN_TYPE = YES_ERROR;
				GCC_WARN_UNDECLARED_SELECTOR = YES;
				GCC_WARN_UNINITIALIZED_AUTOS = YES_AGGRESSIVE;
				GCC_WARN_UNUSED_FUNCTION = YES;
				GCC_WARN_UNUSED_VARIABLE = YES;
				IPHONEOS_DEPLOYMENT_TARGET = 11.2;
				MTL_ENABLE_DEBUG_INFO = YES;
				ONLY_ACTIVE_ARCH = YES;
				SDKROOT = iphoneos;
				SWIFT_ACTIVE_COMPILATION_CONDITIONS = DEBUG;
				SWIFT_OPTIMIZATION_LEVEL = "-Onone";
			};
			name = Debug;
		};
		28330237204F0D5700851487 /* Release */ = {
			isa = XCBuildConfiguration;
			buildSettings = {
				ALWAYS_SEARCH_USER_PATHS = NO;
				CLANG_ANALYZER_NONNULL = YES;
				CLANG_ANALYZER_NUMBER_OBJECT_CONVERSION = YES_AGGRESSIVE;
				CLANG_CXX_LANGUAGE_STANDARD = "gnu++14";
				CLANG_CXX_LIBRARY = "libc++";
				CLANG_ENABLE_MODULES = YES;
				CLANG_ENABLE_OBJC_ARC = YES;
				CLANG_WARN_BLOCK_CAPTURE_AUTORELEASING = YES;
				CLANG_WARN_BOOL_CONVERSION = YES;
				CLANG_WARN_COMMA = YES;
				CLANG_WARN_CONSTANT_CONVERSION = YES;
				CLANG_WARN_DIRECT_OBJC_ISA_USAGE = YES_ERROR;
				CLANG_WARN_DOCUMENTATION_COMMENTS = YES;
				CLANG_WARN_EMPTY_BODY = YES;
				CLANG_WARN_ENUM_CONVERSION = YES;
				CLANG_WARN_INFINITE_RECURSION = YES;
				CLANG_WARN_INT_CONVERSION = YES;
				CLANG_WARN_NON_LITERAL_NULL_CONVERSION = YES;
				CLANG_WARN_OBJC_LITERAL_CONVERSION = YES;
				CLANG_WARN_OBJC_ROOT_CLASS = YES_ERROR;
				CLANG_WARN_RANGE_LOOP_ANALYSIS = YES;
				CLANG_WARN_STRICT_PROTOTYPES = YES;
				CLANG_WARN_SUSPICIOUS_MOVE = YES;
				CLANG_WARN_UNGUARDED_AVAILABILITY = YES_AGGRESSIVE;
				CLANG_WARN_UNREACHABLE_CODE = YES;
				CLANG_WARN__DUPLICATE_METHOD_MATCH = YES;
				CODE_SIGN_IDENTITY = "iPhone Developer";
				COPY_PHASE_STRIP = NO;
				DEBUG_INFORMATION_FORMAT = "dwarf-with-dsym";
				ENABLE_NS_ASSERTIONS = NO;
				ENABLE_STRICT_OBJC_MSGSEND = YES;
				GCC_C_LANGUAGE_STANDARD = gnu11;
				GCC_NO_COMMON_BLOCKS = YES;
				GCC_WARN_64_TO_32_BIT_CONVERSION = YES;
				GCC_WARN_ABOUT_RETURN_TYPE = YES_ERROR;
				GCC_WARN_UNDECLARED_SELECTOR = YES;
				GCC_WARN_UNINITIALIZED_AUTOS = YES_AGGRESSIVE;
				GCC_WARN_UNUSED_FUNCTION = YES;
				GCC_WARN_UNUSED_VARIABLE = YES;
				IPHONEOS_DEPLOYMENT_TARGET = 11.2;
				MTL_ENABLE_DEBUG_INFO = NO;
				SDKROOT = iphoneos;
				SWIFT_OPTIMIZATION_LEVEL = "-Owholemodule";
				VALIDATE_PRODUCT = YES;
			};
			name = Release;
		};
		28330239204F0D5700851487 /* Debug */ = {
			isa = XCBuildConfiguration;
			baseConfigurationReference = 4644A025073E67AF9321D671 /* Pods-Instagram.debug.xcconfig */;
			buildSettings = {
				ASSETCATALOG_COMPILER_APPICON_NAME = AppIcon;
				CODE_SIGN_STYLE = Automatic;
				INFOPLIST_FILE = Instagram/Info.plist;
				LD_RUNPATH_SEARCH_PATHS = "$(inherited) @executable_path/Frameworks";
				PRODUCT_BUNDLE_IDENTIFIER = VuongHenry.Instagram;
				PRODUCT_NAME = "$(TARGET_NAME)";
				SWIFT_VERSION = 4.0;
				TARGETED_DEVICE_FAMILY = "1,2";
			};
			name = Debug;
		};
		2833023A204F0D5700851487 /* Release */ = {
			isa = XCBuildConfiguration;
			baseConfigurationReference = D1F3F0DCDBA3E9A75828D477 /* Pods-Instagram.release.xcconfig */;
			buildSettings = {
				ASSETCATALOG_COMPILER_APPICON_NAME = AppIcon;
				CODE_SIGN_STYLE = Automatic;
				INFOPLIST_FILE = Instagram/Info.plist;
				LD_RUNPATH_SEARCH_PATHS = "$(inherited) @executable_path/Frameworks";
				PRODUCT_BUNDLE_IDENTIFIER = VuongHenry.Instagram;
				PRODUCT_NAME = "$(TARGET_NAME)";
				SWIFT_VERSION = 4.0;
				TARGETED_DEVICE_FAMILY = "1,2";
			};
			name = Release;
		};
		2833023C204F0D5700851487 /* Debug */ = {
			isa = XCBuildConfiguration;
			baseConfigurationReference = C5DB19570B4D82B03201D1E8 /* Pods-InstagramTests.debug.xcconfig */;
			buildSettings = {
				ALWAYS_EMBED_SWIFT_STANDARD_LIBRARIES = YES;
				BUNDLE_LOADER = "$(TEST_HOST)";
				CODE_SIGN_STYLE = Automatic;
				INFOPLIST_FILE = InstagramTests/Info.plist;
				LD_RUNPATH_SEARCH_PATHS = "$(inherited) @executable_path/Frameworks @loader_path/Frameworks";
				PRODUCT_BUNDLE_IDENTIFIER = VuongHenry.InstagramTests;
				PRODUCT_NAME = "$(TARGET_NAME)";
				SWIFT_VERSION = 4.0;
				TARGETED_DEVICE_FAMILY = "1,2";
				TEST_HOST = "$(BUILT_PRODUCTS_DIR)/Instagram.app/Instagram";
			};
			name = Debug;
		};
		2833023D204F0D5700851487 /* Release */ = {
			isa = XCBuildConfiguration;
			baseConfigurationReference = B95D67674B535E7AC918D389 /* Pods-InstagramTests.release.xcconfig */;
			buildSettings = {
				ALWAYS_EMBED_SWIFT_STANDARD_LIBRARIES = YES;
				BUNDLE_LOADER = "$(TEST_HOST)";
				CODE_SIGN_STYLE = Automatic;
				INFOPLIST_FILE = InstagramTests/Info.plist;
				LD_RUNPATH_SEARCH_PATHS = "$(inherited) @executable_path/Frameworks @loader_path/Frameworks";
				PRODUCT_BUNDLE_IDENTIFIER = VuongHenry.InstagramTests;
				PRODUCT_NAME = "$(TARGET_NAME)";
				SWIFT_VERSION = 4.0;
				TARGETED_DEVICE_FAMILY = "1,2";
				TEST_HOST = "$(BUILT_PRODUCTS_DIR)/Instagram.app/Instagram";
			};
			name = Release;
		};
		2833023F204F0D5700851487 /* Debug */ = {
			isa = XCBuildConfiguration;
			baseConfigurationReference = 6FBD080D827061B1D7A99D0C /* Pods-InstagramUITests.debug.xcconfig */;
			buildSettings = {
				ALWAYS_EMBED_SWIFT_STANDARD_LIBRARIES = YES;
				CODE_SIGN_STYLE = Automatic;
				INFOPLIST_FILE = InstagramUITests/Info.plist;
				LD_RUNPATH_SEARCH_PATHS = "$(inherited) @executable_path/Frameworks @loader_path/Frameworks";
				PRODUCT_BUNDLE_IDENTIFIER = VuongHenry.InstagramUITests;
				PRODUCT_NAME = "$(TARGET_NAME)";
				SWIFT_VERSION = 4.0;
				TARGETED_DEVICE_FAMILY = "1,2";
				TEST_TARGET_NAME = Instagram;
			};
			name = Debug;
		};
		28330240204F0D5700851487 /* Release */ = {
			isa = XCBuildConfiguration;
			baseConfigurationReference = D033D4F821E806B933862C6C /* Pods-InstagramUITests.release.xcconfig */;
			buildSettings = {
				ALWAYS_EMBED_SWIFT_STANDARD_LIBRARIES = YES;
				CODE_SIGN_STYLE = Automatic;
				INFOPLIST_FILE = InstagramUITests/Info.plist;
				LD_RUNPATH_SEARCH_PATHS = "$(inherited) @executable_path/Frameworks @loader_path/Frameworks";
				PRODUCT_BUNDLE_IDENTIFIER = VuongHenry.InstagramUITests;
				PRODUCT_NAME = "$(TARGET_NAME)";
				SWIFT_VERSION = 4.0;
				TARGETED_DEVICE_FAMILY = "1,2";
				TEST_TARGET_NAME = Instagram;
			};
			name = Release;
		};
/* End XCBuildConfiguration section */

/* Begin XCConfigurationList section */
		2833020B204F0D5600851487 /* Build configuration list for PBXProject "Instagram" */ = {
			isa = XCConfigurationList;
			buildConfigurations = (
				28330236204F0D5700851487 /* Debug */,
				28330237204F0D5700851487 /* Release */,
			);
			defaultConfigurationIsVisible = 0;
			defaultConfigurationName = Release;
		};
		28330238204F0D5700851487 /* Build configuration list for PBXNativeTarget "Instagram" */ = {
			isa = XCConfigurationList;
			buildConfigurations = (
				28330239204F0D5700851487 /* Debug */,
				2833023A204F0D5700851487 /* Release */,
			);
			defaultConfigurationIsVisible = 0;
			defaultConfigurationName = Release;
		};
		2833023B204F0D5700851487 /* Build configuration list for PBXNativeTarget "InstagramTests" */ = {
			isa = XCConfigurationList;
			buildConfigurations = (
				2833023C204F0D5700851487 /* Debug */,
				2833023D204F0D5700851487 /* Release */,
			);
			defaultConfigurationIsVisible = 0;
			defaultConfigurationName = Release;
		};
		2833023E204F0D5700851487 /* Build configuration list for PBXNativeTarget "InstagramUITests" */ = {
			isa = XCConfigurationList;
			buildConfigurations = (
				2833023F204F0D5700851487 /* Debug */,
				28330240204F0D5700851487 /* Release */,
			);
			defaultConfigurationIsVisible = 0;
			defaultConfigurationName = Release;
		};
/* End XCConfigurationList section */
	};
	rootObject = 28330208204F0D5600851487 /* Project object */;
}
